// !$*UTF8*$!
{
	archiveVersion = 1;
	classes = {
	};
	objectVersion = 55;
	objects = {

/* Begin PBXBuildFile section */
		CBE3786EA49E68FA995A2600 /* Pods_ScripturesMapped.framework in Frameworks */ = {isa = PBXBuildFile; fileRef = BDD8E6B9A5007AE465710A51 /* Pods_ScripturesMapped.framework */; };
		FC3013042746AA7A009A5125 /* ScripturesMappedApp.swift in Sources */ = {isa = PBXBuildFile; fileRef = FC3013032746AA7A009A5125 /* ScripturesMappedApp.swift */; };
		FC3013062746AA7A009A5125 /* ContentView.swift in Sources */ = {isa = PBXBuildFile; fileRef = FC3013052746AA7A009A5125 /* ContentView.swift */; };
		FC3013082746AA7C009A5125 /* Assets.xcassets in Resources */ = {isa = PBXBuildFile; fileRef = FC3013072746AA7C009A5125 /* Assets.xcassets */; };
		FC30130B2746AA7C009A5125 /* Preview Assets.xcassets in Resources */ = {isa = PBXBuildFile; fileRef = FC30130A2746AA7C009A5125 /* Preview Assets.xcassets */; };
		FC30131D27572134009A5125 /* GeoCategory.swift in Sources */ = {isa = PBXBuildFile; fileRef = FC30131127572133009A5125 /* GeoCategory.swift */; };
		FC30131E27572134009A5125 /* GeoDatabase.swift in Sources */ = {isa = PBXBuildFile; fileRef = FC30131227572133009A5125 /* GeoDatabase.swift */; };
		FC30131F27572134009A5125 /* GeoTag.swift in Sources */ = {isa = PBXBuildFile; fileRef = FC30131327572133009A5125 /* GeoTag.swift */; };
		FC30132027572134009A5125 /* Scripture.swift in Sources */ = {isa = PBXBuildFile; fileRef = FC30131427572133009A5125 /* Scripture.swift */; };
		FC30132127572134009A5125 /* ScriptureRenderer.swift in Sources */ = {isa = PBXBuildFile; fileRef = FC30131527572133009A5125 /* ScriptureRenderer.swift */; };
		FC30132227572134009A5125 /* String+Extensions.swift in Sources */ = {isa = PBXBuildFile; fileRef = FC30131627572133009A5125 /* String+Extensions.swift */; };
		FC30132327572134009A5125 /* GeoPlaceCollector.swift in Sources */ = {isa = PBXBuildFile; fileRef = FC30131727572133009A5125 /* GeoPlaceCollector.swift */; };
		FC30132427572134009A5125 /* scripture.css in Resources */ = {isa = PBXBuildFile; fileRef = FC30131827572133009A5125 /* scripture.css */; };
		FC30132527572134009A5125 /* geo.21.sqlite in Resources */ = {isa = PBXBuildFile; fileRef = FC30131927572134009A5125 /* geo.21.sqlite */; };
		FC30132627572134009A5125 /* Book.swift in Sources */ = {isa = PBXBuildFile; fileRef = FC30131A27572134009A5125 /* Book.swift */; };
		FC30132727572134009A5125 /* geocode.js in Resources */ = {isa = PBXBuildFile; fileRef = FC30131B27572134009A5125 /* geocode.js */; };
		FC30132827572134009A5125 /* GeoPlace.swift in Sources */ = {isa = PBXBuildFile; fileRef = FC30131C27572134009A5125 /* GeoPlace.swift */; };
/* End PBXBuildFile section */

/* Begin PBXFileReference section */
		7B909575A45E07AEE6B86F61 /* Pods-ScripturesMapped.release.xcconfig */ = {isa = PBXFileReference; includeInIndex = 1; lastKnownFileType = text.xcconfig; name = "Pods-ScripturesMapped.release.xcconfig"; path = "Target Support Files/Pods-ScripturesMapped/Pods-ScripturesMapped.release.xcconfig"; sourceTree = "<group>"; };
		8DC0D92117FF7BC0E093398A /* Pods-ScripturesMapped.debug.xcconfig */ = {isa = PBXFileReference; includeInIndex = 1; lastKnownFileType = text.xcconfig; name = "Pods-ScripturesMapped.debug.xcconfig"; path = "Target Support Files/Pods-ScripturesMapped/Pods-ScripturesMapped.debug.xcconfig"; sourceTree = "<group>"; };
		BDD8E6B9A5007AE465710A51 /* Pods_ScripturesMapped.framework */ = {isa = PBXFileReference; explicitFileType = wrapper.framework; includeInIndex = 0; path = Pods_ScripturesMapped.framework; sourceTree = BUILT_PRODUCTS_DIR; };
		FC3013002746AA7A009A5125 /* ScripturesMapped.app */ = {isa = PBXFileReference; explicitFileType = wrapper.application; includeInIndex = 0; path = ScripturesMapped.app; sourceTree = BUILT_PRODUCTS_DIR; };
		FC3013032746AA7A009A5125 /* ScripturesMappedApp.swift */ = {isa = PBXFileReference; lastKnownFileType = sourcecode.swift; path = ScripturesMappedApp.swift; sourceTree = "<group>"; };
		FC3013052746AA7A009A5125 /* ContentView.swift */ = {isa = PBXFileReference; lastKnownFileType = sourcecode.swift; path = ContentView.swift; sourceTree = "<group>"; };
		FC3013072746AA7C009A5125 /* Assets.xcassets */ = {isa = PBXFileReference; lastKnownFileType = folder.assetcatalog; path = Assets.xcassets; sourceTree = "<group>"; };
		FC30130A2746AA7C009A5125 /* Preview Assets.xcassets */ = {isa = PBXFileReference; lastKnownFileType = folder.assetcatalog; path = "Preview Assets.xcassets"; sourceTree = "<group>"; };
		FC30131127572133009A5125 /* GeoCategory.swift */ = {isa = PBXFileReference; fileEncoding = 4; lastKnownFileType = sourcecode.swift; path = GeoCategory.swift; sourceTree = "<group>"; };
		FC30131227572133009A5125 /* GeoDatabase.swift */ = {isa = PBXFileReference; fileEncoding = 4; lastKnownFileType = sourcecode.swift; path = GeoDatabase.swift; sourceTree = "<group>"; };
		FC30131327572133009A5125 /* GeoTag.swift */ = {isa = PBXFileReference; fileEncoding = 4; lastKnownFileType = sourcecode.swift; path = GeoTag.swift; sourceTree = "<group>"; };
		FC30131427572133009A5125 /* Scripture.swift */ = {isa = PBXFileReference; fileEncoding = 4; lastKnownFileType = sourcecode.swift; path = Scripture.swift; sourceTree = "<group>"; };
		FC30131527572133009A5125 /* ScriptureRenderer.swift */ = {isa = PBXFileReference; fileEncoding = 4; lastKnownFileType = sourcecode.swift; path = ScriptureRenderer.swift; sourceTree = "<group>"; };
		FC30131627572133009A5125 /* String+Extensions.swift */ = {isa = PBXFileReference; fileEncoding = 4; lastKnownFileType = sourcecode.swift; path = "String+Extensions.swift"; sourceTree = "<group>"; };
		FC30131727572133009A5125 /* GeoPlaceCollector.swift */ = {isa = PBXFileReference; fileEncoding = 4; lastKnownFileType = sourcecode.swift; path = GeoPlaceCollector.swift; sourceTree = "<group>"; };
		FC30131827572133009A5125 /* scripture.css */ = {isa = PBXFileReference; fileEncoding = 4; lastKnownFileType = text.css; path = scripture.css; sourceTree = "<group>"; };
		FC30131927572134009A5125 /* geo.21.sqlite */ = {isa = PBXFileReference; lastKnownFileType = file; path = geo.21.sqlite; sourceTree = "<group>"; };
		FC30131A27572134009A5125 /* Book.swift */ = {isa = PBXFileReference; fileEncoding = 4; lastKnownFileType = sourcecode.swift; path = Book.swift; sourceTree = "<group>"; };
		FC30131B27572134009A5125 /* geocode.js */ = {isa = PBXFileReference; fileEncoding = 4; lastKnownFileType = sourcecode.javascript; path = geocode.js; sourceTree = "<group>"; };
		FC30131C27572134009A5125 /* GeoPlace.swift */ = {isa = PBXFileReference; fileEncoding = 4; lastKnownFileType = sourcecode.swift; path = GeoPlace.swift; sourceTree = "<group>"; };
/* End PBXFileReference section */

/* Begin PBXFrameworksBuildPhase section */
		FC3012FD2746AA7A009A5125 /* Frameworks */ = {
			isa = PBXFrameworksBuildPhase;
			buildActionMask = 2147483647;
			files = (
				CBE3786EA49E68FA995A2600 /* Pods_ScripturesMapped.framework in Frameworks */,
			);
			runOnlyForDeploymentPostprocessing = 0;
		};
/* End PBXFrameworksBuildPhase section */

/* Begin PBXGroup section */
		AD44B74296CE7A4925B62050 /* Frameworks */ = {
			isa = PBXGroup;
			children = (
				BDD8E6B9A5007AE465710A51 /* Pods_ScripturesMapped.framework */,
			);
			name = Frameworks;
			sourceTree = "<group>";
		};
		D299ABEDD1DB0C4E9D1C65D6 /* Pods */ = {
			isa = PBXGroup;
			children = (
				8DC0D92117FF7BC0E093398A /* Pods-ScripturesMapped.debug.xcconfig */,
				7B909575A45E07AEE6B86F61 /* Pods-ScripturesMapped.release.xcconfig */,
			);
			path = Pods;
			sourceTree = "<group>";
		};
		FC3012F72746AA7A009A5125 = {
			isa = PBXGroup;
			children = (
				FC3013022746AA7A009A5125 /* ScripturesMapped */,
				FC3013012746AA7A009A5125 /* Products */,
				D299ABEDD1DB0C4E9D1C65D6 /* Pods */,
				AD44B74296CE7A4925B62050 /* Frameworks */,
			);
			sourceTree = "<group>";
		};
		FC3013012746AA7A009A5125 /* Products */ = {
			isa = PBXGroup;
			children = (
				FC3013002746AA7A009A5125 /* ScripturesMapped.app */,
			);
			name = Products;
			sourceTree = "<group>";
		};
		FC3013022746AA7A009A5125 /* ScripturesMapped */ = {
			isa = PBXGroup;
			children = (
				FC3013032746AA7A009A5125 /* ScripturesMappedApp.swift */,
				FC3013052746AA7A009A5125 /* ContentView.swift */,
				FC30131A27572134009A5125 /* Book.swift */,
				FC30131927572134009A5125 /* geo.21.sqlite */,
				FC30131127572133009A5125 /* GeoCategory.swift */,
				FC30131B27572134009A5125 /* geocode.js */,
				FC30131227572133009A5125 /* GeoDatabase.swift */,
				FC30131C27572134009A5125 /* GeoPlace.swift */,
				FC30131727572133009A5125 /* GeoPlaceCollector.swift */,
				FC30131327572133009A5125 /* GeoTag.swift */,
				FC30131827572133009A5125 /* scripture.css */,
				FC30131427572133009A5125 /* Scripture.swift */,
				FC30131527572133009A5125 /* ScriptureRenderer.swift */,
				FC30131627572133009A5125 /* String+Extensions.swift */,
				FC3013072746AA7C009A5125 /* Assets.xcassets */,
				FC3013092746AA7C009A5125 /* Preview Content */,
			);
			path = ScripturesMapped;
			sourceTree = "<group>";
		};
		FC3013092746AA7C009A5125 /* Preview Content */ = {
			isa = PBXGroup;
			children = (
				FC30130A2746AA7C009A5125 /* Preview Assets.xcassets */,
			);
			path = "Preview Content";
			sourceTree = "<group>";
		};
/* End PBXGroup section */

/* Begin PBXNativeTarget section */
		FC3012FF2746AA7A009A5125 /* ScripturesMapped */ = {
			isa = PBXNativeTarget;
			buildConfigurationList = FC30130E2746AA7C009A5125 /* Build configuration list for PBXNativeTarget "ScripturesMapped" */;
			buildPhases = (
				8A18FBE608BA804955570A57 /* [CP] Check Pods Manifest.lock */,
				FC3012FC2746AA7A009A5125 /* Sources */,
				FC3012FD2746AA7A009A5125 /* Frameworks */,
				FC3012FE2746AA7A009A5125 /* Resources */,
				BBDEDF143A8890EA6931E522 /* [CP] Embed Pods Frameworks */,
			);
			buildRules = (
			);
			dependencies = (
			);
			name = ScripturesMapped;
			productName = ScripturesMapped;
			productReference = FC3013002746AA7A009A5125 /* ScripturesMapped.app */;
			productType = "com.apple.product-type.application";
		};
/* End PBXNativeTarget section */

/* Begin PBXProject section */
		FC3012F82746AA7A009A5125 /* Project object */ = {
			isa = PBXProject;
			attributes = {
				BuildIndependentTargetsInParallel = 1;
				LastSwiftUpdateCheck = 1310;
				LastUpgradeCheck = 1310;
				TargetAttributes = {
					FC3012FF2746AA7A009A5125 = {
						CreatedOnToolsVersion = 13.1;
					};
				};
			};
			buildConfigurationList = FC3012FB2746AA7A009A5125 /* Build configuration list for PBXProject "ScripturesMapped" */;
			compatibilityVersion = "Xcode 13.0";
			developmentRegion = en;
			hasScannedForEncodings = 0;
			knownRegions = (
				en,
				Base,
			);
			mainGroup = FC3012F72746AA7A009A5125;
			productRefGroup = FC3013012746AA7A009A5125 /* Products */;
			projectDirPath = "";
			projectRoot = "";
			targets = (
				FC3012FF2746AA7A009A5125 /* ScripturesMapped */,
			);
		};
/* End PBXProject section */

/* Begin PBXResourcesBuildPhase section */
		FC3012FE2746AA7A009A5125 /* Resources */ = {
			isa = PBXResourcesBuildPhase;
			buildActionMask = 2147483647;
			files = (
				FC30130B2746AA7C009A5125 /* Preview Assets.xcassets in Resources */,
				FC30132527572134009A5125 /* geo.21.sqlite in Resources */,
				FC30132727572134009A5125 /* geocode.js in Resources */,
				FC30132427572134009A5125 /* scripture.css in Resources */,
				FC3013082746AA7C009A5125 /* Assets.xcassets in Resources */,
			);
			runOnlyForDeploymentPostprocessing = 0;
		};
/* End PBXResourcesBuildPhase section */

/* Begin PBXShellScriptBuildPhase section */
		8A18FBE608BA804955570A57 /* [CP] Check Pods Manifest.lock */ = {
			isa = PBXShellScriptBuildPhase;
			buildActionMask = 2147483647;
			files = (
			);
			inputFileListPaths = (
			);
			inputPaths = (
				"${PODS_PODFILE_DIR_PATH}/Podfile.lock",
				"${PODS_ROOT}/Manifest.lock",
			);
			name = "[CP] Check Pods Manifest.lock";
			outputFileListPaths = (
			);
			outputPaths = (
				"$(DERIVED_FILE_DIR)/Pods-ScripturesMapped-checkManifestLockResult.txt",
			);
			runOnlyForDeploymentPostprocessing = 0;
			shellPath = /bin/sh;
			shellScript = "diff \"${PODS_PODFILE_DIR_PATH}/Podfile.lock\" \"${PODS_ROOT}/Manifest.lock\" > /dev/null\nif [ $? != 0 ] ; then\n    # print error to STDERR\n    echo \"error: The sandbox is not in sync with the Podfile.lock. Run 'pod install' or update your CocoaPods installation.\" >&2\n    exit 1\nfi\n# This output is used by Xcode 'outputs' to avoid re-running this script phase.\necho \"SUCCESS\" > \"${SCRIPT_OUTPUT_FILE_0}\"\n";
			showEnvVarsInLog = 0;
		};
		BBDEDF143A8890EA6931E522 /* [CP] Embed Pods Frameworks */ = {
			isa = PBXShellScriptBuildPhase;
			buildActionMask = 2147483647;
			files = (
			);
			inputFileListPaths = (
				"${PODS_ROOT}/Target Support Files/Pods-ScripturesMapped/Pods-ScripturesMapped-frameworks-${CONFIGURATION}-input-files.xcfilelist",
			);
			name = "[CP] Embed Pods Frameworks";
			outputFileListPaths = (
				"${PODS_ROOT}/Target Support Files/Pods-ScripturesMapped/Pods-ScripturesMapped-frameworks-${CONFIGURATION}-output-files.xcfilelist",
			);
			runOnlyForDeploymentPostprocessing = 0;
			shellPath = /bin/sh;
			shellScript = "\"${PODS_ROOT}/Target Support Files/Pods-ScripturesMapped/Pods-ScripturesMapped-frameworks.sh\"\n";
			showEnvVarsInLog = 0;
		};
/* End PBXShellScriptBuildPhase section */

/* Begin PBXSourcesBuildPhase section */
		FC3012FC2746AA7A009A5125 /* Sources */ = {
			isa = PBXSourcesBuildPhase;
			buildActionMask = 2147483647;
			files = (
				FC30131E27572134009A5125 /* GeoDatabase.swift in Sources */,
				FC3013062746AA7A009A5125 /* ContentView.swift in Sources */,
				FC30131D27572134009A5125 /* GeoCategory.swift in Sources */,
				FC30132127572134009A5125 /* ScriptureRenderer.swift in Sources */,
				FC30132227572134009A5125 /* String+Extensions.swift in Sources */,
				FC30131F27572134009A5125 /* GeoTag.swift in Sources */,
				FC3013042746AA7A009A5125 /* ScripturesMappedApp.swift in Sources */,
				FC30132027572134009A5125 /* Scripture.swift in Sources */,
				FC30132627572134009A5125 /* Book.swift in Sources */,
				FC30132327572134009A5125 /* GeoPlaceCollector.swift in Sources */,
				FC30132827572134009A5125 /* GeoPlace.swift in Sources */,
			);
			runOnlyForDeploymentPostprocessing = 0;
		};
/* End PBXSourcesBuildPhase section */

/* Begin XCBuildConfiguration section */
		FC30130C2746AA7C009A5125 /* Debug */ = {
			isa = XCBuildConfiguration;
			buildSettings = {
				ALWAYS_SEARCH_USER_PATHS = NO;
				CLANG_ANALYZER_NONNULL = YES;
				CLANG_ANALYZER_NUMBER_OBJECT_CONVERSION = YES_AGGRESSIVE;
				CLANG_CXX_LANGUAGE_STANDARD = "gnu++17";
				CLANG_CXX_LIBRARY = "libc++";
				CLANG_ENABLE_MODULES = YES;
				CLANG_ENABLE_OBJC_ARC = YES;
				CLANG_ENABLE_OBJC_WEAK = YES;
				CLANG_WARN_BLOCK_CAPTURE_AUTORELEASING = YES;
				CLANG_WARN_BOOL_CONVERSION = YES;
				CLANG_WARN_COMMA = YES;
				CLANG_WARN_CONSTANT_CONVERSION = YES;
				CLANG_WARN_DEPRECATED_OBJC_IMPLEMENTATIONS = YES;
				CLANG_WARN_DIRECT_OBJC_ISA_USAGE = YES_ERROR;
				CLANG_WARN_DOCUMENTATION_COMMENTS = YES;
				CLANG_WARN_EMPTY_BODY = YES;
				CLANG_WARN_ENUM_CONVERSION = YES;
				CLANG_WARN_INFINITE_RECURSION = YES;
				CLANG_WARN_INT_CONVERSION = YES;
				CLANG_WARN_NON_LITERAL_NULL_CONVERSION = YES;
				CLANG_WARN_OBJC_IMPLICIT_RETAIN_SELF = YES;
				CLANG_WARN_OBJC_LITERAL_CONVERSION = YES;
				CLANG_WARN_OBJC_ROOT_CLASS = YES_ERROR;
				CLANG_WARN_QUOTED_INCLUDE_IN_FRAMEWORK_HEADER = YES;
				CLANG_WARN_RANGE_LOOP_ANALYSIS = YES;
				CLANG_WARN_STRICT_PROTOTYPES = YES;
				CLANG_WARN_SUSPICIOUS_MOVE = YES;
				CLANG_WARN_UNGUARDED_AVAILABILITY = YES_AGGRESSIVE;
				CLANG_WARN_UNREACHABLE_CODE = YES;
				CLANG_WARN__DUPLICATE_METHOD_MATCH = YES;
				COPY_PHASE_STRIP = NO;
				DEBUG_INFORMATION_FORMAT = dwarf;
				ENABLE_STRICT_OBJC_MSGSEND = YES;
				ENABLE_TESTABILITY = YES;
				GCC_C_LANGUAGE_STANDARD = gnu11;
				GCC_DYNAMIC_NO_PIC = NO;
				GCC_NO_COMMON_BLOCKS = YES;
				GCC_OPTIMIZATION_LEVEL = 0;
				GCC_PREPROCESSOR_DEFINITIONS = (
					"DEBUG=1",
					"$(inherited)",
				);
				GCC_WARN_64_TO_32_BIT_CONVERSION = YES;
				GCC_WARN_ABOUT_RETURN_TYPE = YES_ERROR;
				GCC_WARN_UNDECLARED_SELECTOR = YES;
				GCC_WARN_UNINITIALIZED_AUTOS = YES_AGGRESSIVE;
				GCC_WARN_UNUSED_FUNCTION = YES;
				GCC_WARN_UNUSED_VARIABLE = YES;
				IPHONEOS_DEPLOYMENT_TARGET = 15.0;
				MTL_ENABLE_DEBUG_INFO = INCLUDE_SOURCE;
				MTL_FAST_MATH = YES;
				ONLY_ACTIVE_ARCH = YES;
				SDKROOT = iphoneos;
				SWIFT_ACTIVE_COMPILATION_CONDITIONS = DEBUG;
				SWIFT_OPTIMIZATION_LEVEL = "-Onone";
			};
			name = Debug;
		};
		FC30130D2746AA7C009A5125 /* Release */ = {
			isa = XCBuildConfiguration;
			buildSettings = {
				ALWAYS_SEARCH_USER_PATHS = NO;
				CLANG_ANALYZER_NONNULL = YES;
				CLANG_ANALYZER_NUMBER_OBJECT_CONVERSION = YES_AGGRESSIVE;
				CLANG_CXX_LANGUAGE_STANDARD = "gnu++17";
				CLANG_CXX_LIBRARY = "libc++";
				CLANG_ENABLE_MODULES = YES;
				CLANG_ENABLE_OBJC_ARC = YES;
				CLANG_ENABLE_OBJC_WEAK = YES;
				CLANG_WARN_BLOCK_CAPTURE_AUTORELEASING = YES;
				CLANG_WARN_BOOL_CONVERSION = YES;
				CLANG_WARN_COMMA = YES;
				CLANG_WARN_CONSTANT_CONVERSION = YES;
				CLANG_WARN_DEPRECATED_OBJC_IMPLEMENTATIONS = YES;
				CLANG_WARN_DIRECT_OBJC_ISA_USAGE = YES_ERROR;
				CLANG_WARN_DOCUMENTATION_COMMENTS = YES;
				CLANG_WARN_EMPTY_BODY = YES;
				CLANG_WARN_ENUM_CONVERSION = YES;
				CLANG_WARN_INFINITE_RECURSION = YES;
				CLANG_WARN_INT_CONVERSION = YES;
				CLANG_WARN_NON_LITERAL_NULL_CONVERSION = YES;
				CLANG_WARN_OBJC_IMPLICIT_RETAIN_SELF = YES;
				CLANG_WARN_OBJC_LITERAL_CONVERSION = YES;
				CLANG_WARN_OBJC_ROOT_CLASS = YES_ERROR;
				CLANG_WARN_QUOTED_INCLUDE_IN_FRAMEWORK_HEADER = YES;
				CLANG_WARN_RANGE_LOOP_ANALYSIS = YES;
				CLANG_WARN_STRICT_PROTOTYPES = YES;
				CLANG_WARN_SUSPICIOUS_MOVE = YES;
				CLANG_WARN_UNGUARDED_AVAILABILITY = YES_AGGRESSIVE;
				CLANG_WARN_UNREACHABLE_CODE = YES;
				CLANG_WARN__DUPLICATE_METHOD_MATCH = YES;
				COPY_PHASE_STRIP = NO;
				DEBUG_INFORMATION_FORMAT = "dwarf-with-dsym";
				ENABLE_NS_ASSERTIONS = NO;
				ENABLE_STRICT_OBJC_MSGSEND = YES;
				GCC_C_LANGUAGE_STANDARD = gnu11;
				GCC_NO_COMMON_BLOCKS = YES;
				GCC_WARN_64_TO_32_BIT_CONVERSION = YES;
				GCC_WARN_ABOUT_RETURN_TYPE = YES_ERROR;
				GCC_WARN_UNDECLARED_SELECTOR = YES;
				GCC_WARN_UNINITIALIZED_AUTOS = YES_AGGRESSIVE;
				GCC_WARN_UNUSED_FUNCTION = YES;
				GCC_WARN_UNUSED_VARIABLE = YES;
				IPHONEOS_DEPLOYMENT_TARGET = 15.0;
				MTL_ENABLE_DEBUG_INFO = NO;
				MTL_FAST_MATH = YES;
				SDKROOT = iphoneos;
				SWIFT_COMPILATION_MODE = wholemodule;
				SWIFT_OPTIMIZATION_LEVEL = "-O";
				VALIDATE_PRODUCT = YES;
			};
			name = Release;
		};
		FC30130F2746AA7C009A5125 /* Debug */ = {
			isa = XCBuildConfiguration;
			baseConfigurationReference = 8DC0D92117FF7BC0E093398A /* Pods-ScripturesMapped.debug.xcconfig */;
			buildSettings = {
				ASSETCATALOG_COMPILER_APPICON_NAME = AppIcon;
				ASSETCATALOG_COMPILER_GLOBAL_ACCENT_COLOR_NAME = AccentColor;
				CODE_SIGN_STYLE = Automatic;
				CURRENT_PROJECT_VERSION = 1;
				DEVELOPMENT_ASSET_PATHS = "\"ScripturesMapped/Preview Content\"";
				DEVELOPMENT_TEAM = N28GN9CK96;
				ENABLE_PREVIEWS = YES;
				GENERATE_INFOPLIST_FILE = YES;
				INFOPLIST_KEY_UIApplicationSceneManifest_Generation = YES;
				INFOPLIST_KEY_UIApplicationSupportsIndirectInputEvents = YES;
				INFOPLIST_KEY_UILaunchScreen_Generation = YES;
				INFOPLIST_KEY_UISupportedInterfaceOrientations_iPad = "UIInterfaceOrientationPortrait UIInterfaceOrientationPortraitUpsideDown UIInterfaceOrientationLandscapeLeft UIInterfaceOrientationLandscapeRight";
				INFOPLIST_KEY_UISupportedInterfaceOrientations_iPhone = "UIInterfaceOrientationPortrait UIInterfaceOrientationLandscapeLeft UIInterfaceOrientationLandscapeRight";
				LD_RUNPATH_SEARCH_PATHS = (
					"$(inherited)",
					"@executable_path/Frameworks",
				);
				MARKETING_VERSION = 1.0;
				PRODUCT_BUNDLE_IDENTIFIER = IS543NefiPerez.ScripturesMapped;
				PRODUCT_NAME = "$(TARGET_NAME)";
				SWIFT_EMIT_LOC_STRINGS = YES;
				SWIFT_VERSION = 5.0;
				TARGETED_DEVICE_FAMILY = "1,2";
			};
			name = Debug;
		};
		FC3013102746AA7C009A5125 /* Release */ = {
			isa = XCBuildConfiguration;
			baseConfigurationReference = 7B909575A45E07AEE6B86F61 /* Pods-ScripturesMapped.release.xcconfig */;
			buildSettings = {
				ASSETCATALOG_COMPILER_APPICON_NAME = AppIcon;
				ASSETCATALOG_COMPILER_GLOBAL_ACCENT_COLOR_NAME = AccentColor;
				CODE_SIGN_STYLE = Automatic;
				CURRENT_PROJECT_VERSION = 1;
				DEVELOPMENT_ASSET_PATHS = "\"ScripturesMapped/Preview Content\"";
				DEVELOPMENT_TEAM = N28GN9CK96;
				ENABLE_PREVIEWS = YES;
				GENERATE_INFOPLIST_FILE = YES;
				INFOPLIST_KEY_UIApplicationSceneManifest_Generation = YES;
				INFOPLIST_KEY_UIApplicationSupportsIndirectInputEvents = YES;
				INFOPLIST_KEY_UILaunchScreen_Generation = YES;
				INFOPLIST_KEY_UISupportedInterfaceOrientations_iPad = "UIInterfaceOrientationPortrait UIInterfaceOrientationPortraitUpsideDown UIInterfaceOrientationLandscapeLeft UIInterfaceOrientationLandscapeRight";
				INFOPLIST_KEY_UISupportedInterfaceOrientations_iPhone = "UIInterfaceOrientationPortrait UIInterfaceOrientationLandscapeLeft UIInterfaceOrientationLandscapeRight";
				LD_RUNPATH_SEARCH_PATHS = (
					"$(inherited)",
					"@executable_path/Frameworks",
				);
				MARKETING_VERSION = 1.0;
				PRODUCT_BUNDLE_IDENTIFIER = IS543NefiPerez.ScripturesMapped;
				PRODUCT_NAME = "$(TARGET_NAME)";
				SWIFT_EMIT_LOC_STRINGS = YES;
				SWIFT_VERSION = 5.0;
				TARGETED_DEVICE_FAMILY = "1,2";
			};
			name = Release;
		};
/* End XCBuildConfiguration section */

/* Begin XCConfigurationList section */
		FC3012FB2746AA7A009A5125 /* Build configuration list for PBXProject "ScripturesMapped" */ = {
			isa = XCConfigurationList;
			buildConfigurations = (
				FC30130C2746AA7C009A5125 /* Debug */,
				FC30130D2746AA7C009A5125 /* Release */,
			);
			defaultConfigurationIsVisible = 0;
			defaultConfigurationName = Release;
		};
		FC30130E2746AA7C009A5125 /* Build configuration list for PBXNativeTarget "ScripturesMapped" */ = {
			isa = XCConfigurationList;
			buildConfigurations = (
				FC30130F2746AA7C009A5125 /* Debug */,
				FC3013102746AA7C009A5125 /* Release */,
			);
			defaultConfigurationIsVisible = 0;
			defaultConfigurationName = Release;
		};
/* End XCConfigurationList section */
	};
	rootObject = FC3012F82746AA7A009A5125 /* Project object */;
}
